<?xml version="1.0" encoding="utf-8"?>
<Project ToolsVersion="4.0" xmlns="http://schemas.microsoft.com/developer/msbuild/2003">
  <ItemGroup>
    <Filter Include="Source Files">
      <UniqueIdentifier>{4FC737F1-C7A5-4376-A066-2A32D752A2FF}</UniqueIdentifier>
      <Extensions>cpp;c;cc;cxx;def;odl;idl;hpj;bat;asm;asmx</Extensions>
    </Filter>
    <Filter Include="Header Files">
      <UniqueIdentifier>{93995380-89BD-4b04-88EB-625FBE52EBFB}</UniqueIdentifier>
      <Extensions>h;hh;hpp;hxx;hm;inl;inc;xsd</Extensions>
    </Filter>
    <Filter Include="Resource Files">
      <UniqueIdentifier>{67DA6AB6-F800-4c08-8B7A-83BB121AAD01}</UniqueIdentifier>
      <Extensions>rc;ico;cur;bmp;dlg;rc2;rct;bin;rgs;gif;jpg;jpeg;jpe;resx;tiff;tif;png;wav;mfcribbon-ms</Extensions>
    </Filter>
    <Filter Include="Source Files\Postac">
      <UniqueIdentifier>{7029651b-9385-4255-9e0b-443703caee0b}</UniqueIdentifier>
    </Filter>
    <Filter Include="Header Files\Postac">
      <UniqueIdentifier>{8f7989cd-77b8-4bee-8fdf-9390367b2b66}</UniqueIdentifier>
    </Filter>
    <Filter Include="Header Files\Lokalizacja">
      <UniqueIdentifier>{37300eb2-1c1b-4cca-ba13-e49319e05cef}</UniqueIdentifier>
    </Filter>
    <Filter Include="Source Files\Lokalizacja">
      <UniqueIdentifier>{53205e47-e6d4-4b94-b313-75352e6cc318}</UniqueIdentifier>
    </Filter>
    <Filter Include="Source Files\NPC">
      <UniqueIdentifier>{7c69f0d6-9584-4e48-89f4-fa6cd94d94f0}</UniqueIdentifier>
    </Filter>
    <Filter Include="Header Files\NPC">
      <UniqueIdentifier>{dcde2a8c-b81b-418b-b1ea-7c465bc9fbd4}</UniqueIdentifier>
    </Filter>
    <Filter Include="Resource Files\Lokalizacja">
      <UniqueIdentifier>{3c2b90e6-d05f-4f19-b3a1-69956fa26897}</UniqueIdentifier>
    </Filter>
  </ItemGroup>
  <ItemGroup>
    <ClCompile Include="Main.cpp">
      <Filter>Source Files</Filter>
    </ClCompile>
    <ClCompile Include="Gra.cpp">
      <Filter>Source Files</Filter>
    </ClCompile>
    <ClCompile Include="Postac.cpp">
      <Filter>Source Files\Postac</Filter>
    </ClCompile>
    <ClCompile Include="Lucznik.cpp">
      <Filter>Source Files\Postac</Filter>
    </ClCompile>
    <ClCompile Include="Wojownik.cpp">
      <Filter>Source Files\Postac</Filter>
    </ClCompile>
    <ClCompile Include="Npc.cpp">
      <Filter>Source Files\NPC</Filter>
    </ClCompile>
    <ClCompile Include="Lokalizacja.cpp">
      <Filter>Source Files\Lokalizacja</Filter>
    </ClCompile>
    <ClCompile Include="Wioska.cpp">
      <Filter>Source Files\Lokalizacja</Filter>
    </ClCompile>
    <ClCompile Include="Szlak.cpp">
      <Filter>Source Files\Lokalizacja</Filter>
    </ClCompile>
  </ItemGroup>
  <ItemGroup>
    <ClInclude Include="Gra.h">
      <Filter>Header Files</Filter>
    </ClInclude>
    <ClInclude Include="Postac.h">
      <Filter>Header Files\Postac</Filter>
    </ClInclude>
    <ClInclude Include="Wojownik.h">
      <Filter>Header Files\Postac</Filter>
    </ClInclude>
    <ClInclude Include="Lucznik.h">
      <Filter>Header Files\Postac</Filter>
    </ClInclude>
    <ClInclude Include="Npc.h">
      <Filter>Header Files\NPC</Filter>
    </ClInclude>
    <ClInclude Include="Lokalizacja.h">
      <Filter>Header Files\Lokalizacja</Filter>
    </ClInclude>
    <ClInclude Include="Wioska.h">
      <Filter>Header Files\Lokalizacja</Filter>
    </ClInclude>
    <ClInclude Include="Szlak.h">
      <Filter>Header Files\Lokalizacja</Filter>
    </ClInclude>
  </ItemGroup>
</Project>