<?xml version="1.0" encoding="utf-8"?>
<Project ToolsVersion="4.0" xmlns="http://schemas.microsoft.com/developer/msbuild/2003">
  <ItemGroup>
    <Filter Include="Source Files">
      <UniqueIdentifier>{4FC737F1-C7A5-4376-A066-2A32D752A2FF}</UniqueIdentifier>
      <Extensions>cpp;c;cc;cxx;def;odl;idl;hpj;bat;asm;asmx</Extensions>
    </Filter>
    <Filter Include="Header Files">
      <UniqueIdentifier>{93995380-89BD-4b04-88EB-625FBE52EBFB}</UniqueIdentifier>
      <Extensions>h;hh;hpp;hxx;hm;inl;inc;xsd</Extensions>
    </Filter>
    <Filter Include="Resource Files">
      <UniqueIdentifier>{67DA6AB6-F800-4c08-8B7A-83BB121AAD01}</UniqueIdentifier>
      <Extensions>rc;ico;cur;bmp;dlg;rc2;rct;bin;rgs;gif;jpg;jpeg;jpe;resx;tiff;tif;png;wav;mfcribbon-ms</Extensions>
    </Filter>
    <Filter Include="Source Files\Postac">
      <UniqueIdentifier>{7029651b-9385-4255-9e0b-443703caee0b}</UniqueIdentifier>
    </Filter>
    <Filter Include="Header Files\Postac">
      <UniqueIdentifier>{8f7989cd-77b8-4bee-8fdf-9390367b2b66}</UniqueIdentifier>
    </Filter>
    <Filter Include="Header Files\Lokalizacja">
      <UniqueIdentifier>{37300eb2-1c1b-4cca-ba13-e49319e05cef}</UniqueIdentifier>
    </Filter>
    <Filter Include="Source Files\Lokalizacja">
      <UniqueIdentifier>{53205e47-e6d4-4b94-b313-75352e6cc318}</UniqueIdentifier>
    </Filter>
    <Filter Include="Source Files\NPC">
      <UniqueIdentifier>{7c69f0d6-9584-4e48-89f4-fa6cd94d94f0}</UniqueIdentifier>
    </Filter>
    <Filter Include="Header Files\NPC">
      <UniqueIdentifier>{dcde2a8c-b81b-418b-b1ea-7c465bc9fbd4}</UniqueIdentifier>
    </Filter>
    <Filter Include="Resource Files\Lokalizacja">
      <UniqueIdentifier>{3c2b90e6-d05f-4f19-b3a1-69956fa26897}</UniqueIdentifier>
    </Filter>
    <Filter Include="Resource Files\NPC">
      <UniqueIdentifier>{e69c786e-289c-4ecb-ae1f-10b2758ca4ee}</UniqueIdentifier>
    </Filter>
    <Filter Include="Header Files\Przeciwnik">
      <UniqueIdentifier>{9c269c1a-d763-4a67-b759-8f7c39e3a82c}</UniqueIdentifier>
    </Filter>
    <Filter Include="Source Files\Przeciwnik">
      <UniqueIdentifier>{83a6ce89-0276-4b3f-a1d4-1dd6fb81be48}</UniqueIdentifier>
    </Filter>
    <Filter Include="Header Files\Przedmiot">
      <UniqueIdentifier>{2dcdedaa-82c7-46bb-a866-4cc0e5c43f6c}</UniqueIdentifier>
    </Filter>
    <Filter Include="Source Files\Quest">
      <UniqueIdentifier>{8292851a-3b50-44ec-af04-093816b3a0a0}</UniqueIdentifier>
    </Filter>
    <Filter Include="Header Files\Quest">
      <UniqueIdentifier>{9ad8c92d-db1e-4f7a-ba97-eca85a238514}</UniqueIdentifier>
    </Filter>
    <Filter Include="Source Files\Przedmiot">
      <UniqueIdentifier>{d6883974-8da4-459a-8c2f-eb7e8b001776}</UniqueIdentifier>
    </Filter>
  </ItemGroup>
  <ItemGroup>
    <ClCompile Include="Main.cpp">
      <Filter>Source Files</Filter>
    </ClCompile>
    <ClCompile Include="Gra.cpp">
      <Filter>Source Files</Filter>
    </ClCompile>
    <ClCompile Include="Postac.cpp">
      <Filter>Source Files\Postac</Filter>
    </ClCompile>
    <ClCompile Include="Lucznik.cpp">
      <Filter>Source Files\Postac</Filter>
    </ClCompile>
    <ClCompile Include="Wojownik.cpp">
      <Filter>Source Files\Postac</Filter>
    </ClCompile>
    <ClCompile Include="Npc.cpp">
      <Filter>Source Files\NPC</Filter>
    </ClCompile>
    <ClCompile Include="Lokalizacja.cpp">
      <Filter>Source Files\Lokalizacja</Filter>
    </ClCompile>
    <ClCompile Include="Wioska.cpp">
      <Filter>Source Files\Lokalizacja</Filter>
    </ClCompile>
    <ClCompile Include="Szlak.cpp">
      <Filter>Source Files\Lokalizacja</Filter>
    </ClCompile>
    <ClCompile Include="Karczmarz.cpp">
      <Filter>Source Files\NPC</Filter>
    </ClCompile>
    <ClCompile Include="Przeciwnik.cpp">
      <Filter>Source Files\Przeciwnik</Filter>
    </ClCompile>
    <ClCompile Include="Wilk.cpp">
      <Filter>Source Files\Przeciwnik</Filter>
    </ClCompile>
    <ClCompile Include="Dzik.cpp">
      <Filter>Source Files\Przeciwnik</Filter>
    </ClCompile>
    <ClCompile Include="BandytaWojownik.cpp">
      <Filter>Source Files\Przeciwnik</Filter>
    </ClCompile>
    <ClCompile Include="BandytaLucznik.cpp">
      <Filter>Source Files\Przeciwnik</Filter>
    </ClCompile>
    <ClCompile Include="Przedmiot.cpp">
      <Filter>Source Files\Przedmiot</Filter>
    </ClCompile>
    <ClCompile Include="Niedzwiedz.cpp">
      <Filter>Source Files\Przeciwnik</Filter>
    </ClCompile>
    <ClCompile Include="Utopiec.cpp">
      <Filter>Source Files\Przeciwnik</Filter>
    </ClCompile>
    <ClCompile Include="Bagna.cpp">
      <Filter>Source Files\Lokalizacja</Filter>
    </ClCompile>
    <ClCompile Include="Miasto.cpp">
      <Filter>Source Files\Lokalizacja</Filter>
    </ClCompile>
    <ClCompile Include="Kupiec.cpp">
      <Filter>Source Files\NPC</Filter>
    </ClCompile>
    <ClCompile Include="Walka.cpp">
      <Filter>Source Files</Filter>
    </ClCompile>
    <ClCompile Include="Quest.cpp">
      <Filter>Source Files\Quest</Filter>
    </ClCompile>
    <ClCompile Include="QuestPolowania.cpp">
      <Filter>Source Files\Quest</Filter>
    </ClCompile>
    <ClCompile Include="QuestFabryka.cpp">
      <Filter>Source Files\Quest</Filter>
    </ClCompile>
    <ClCompile Include="QuestPrzedmiotow.cpp">
      <Filter>Source Files\Quest</Filter>
    </ClCompile>
    <ClCompile Include="PrzedmiotDoQuesta.cpp">
      <Filter>Source Files\Przedmiot</Filter>
    </ClCompile>
    <ClCompile Include="Bron.cpp">
      <Filter>Source Files\Przedmiot</Filter>
    </ClCompile>
    <ClCompile Include="Pancerz.cpp">
      <Filter>Source Files\Przedmiot</Filter>
    </ClCompile>
    <ClCompile Include="OknoPostaci.cpp">
      <Filter>Source Files</Filter>
    </ClCompile>
    <ClCompile Include="FabrykaWyposazenia.cpp">
      <Filter>Source Files\Przedmiot</Filter>
    </ClCompile>
  </ItemGroup>
  <ItemGroup>
    <ClInclude Include="Gra.h">
      <Filter>Header Files</Filter>
    </ClInclude>
    <ClInclude Include="Postac.h">
      <Filter>Header Files\Postac</Filter>
    </ClInclude>
    <ClInclude Include="Wojownik.h">
      <Filter>Header Files\Postac</Filter>
    </ClInclude>
    <ClInclude Include="Lucznik.h">
      <Filter>Header Files\Postac</Filter>
    </ClInclude>
    <ClInclude Include="Npc.h">
      <Filter>Header Files\NPC</Filter>
    </ClInclude>
    <ClInclude Include="Lokalizacja.h">
      <Filter>Header Files\Lokalizacja</Filter>
    </ClInclude>
    <ClInclude Include="Wioska.h">
      <Filter>Header Files\Lokalizacja</Filter>
    </ClInclude>
    <ClInclude Include="Szlak.h">
      <Filter>Header Files\Lokalizacja</Filter>
    </ClInclude>
    <ClInclude Include="Karczmarz.h">
      <Filter>Header Files\NPC</Filter>
    </ClInclude>
    <ClInclude Include="Przeciwnik.h">
      <Filter>Header Files\Przeciwnik</Filter>
    </ClInclude>
    <ClInclude Include="WszystkieKlasy.h">
      <Filter>Header Files</Filter>
    </ClInclude>
    <ClInclude Include="Wilk.h">
      <Filter>Header Files\Przeciwnik</Filter>
    </ClInclude>
    <ClInclude Include="Dzik.h">
      <Filter>Header Files\Przeciwnik</Filter>
    </ClInclude>
    <ClInclude Include="BandytaWojownik.h">
      <Filter>Header Files\Przeciwnik</Filter>
    </ClInclude>
    <ClInclude Include="BandytaLucznik.h">
      <Filter>Header Files\Przeciwnik</Filter>
    </ClInclude>
    <ClInclude Include="Przedmiot.h">
      <Filter>Header Files\Przedmiot</Filter>
    </ClInclude>
    <ClInclude Include="Niedzwiedz.h">
      <Filter>Header Files\Przeciwnik</Filter>
    </ClInclude>
    <ClInclude Include="Utopiec.h">
      <Filter>Header Files\Przeciwnik</Filter>
    </ClInclude>
    <ClInclude Include="Miasto.h">
      <Filter>Header Files\Lokalizacja</Filter>
    </ClInclude>
    <ClInclude Include="Bagna.h">
      <Filter>Header Files\Lokalizacja</Filter>
    </ClInclude>
    <ClInclude Include="Kupiec.h">
      <Filter>Header Files\NPC</Filter>
    </ClInclude>
    <ClInclude Include="Walka.h">
      <Filter>Header Files</Filter>
    </ClInclude>
    <ClInclude Include="Quest.h">
      <Filter>Header Files\Quest</Filter>
    </ClInclude>
    <ClInclude Include="QuestPolowania.h">
      <Filter>Header Files\Quest</Filter>
    </ClInclude>
    <ClInclude Include="QuestFabryka.h">
      <Filter>Header Files\Quest</Filter>
    </ClInclude>
    <ClInclude Include="QuestPrzedmiotow.h">
      <Filter>Header Files\Quest</Filter>
    </ClInclude>
    <ClInclude Include="PrzedmiotDoQuesta.h">
      <Filter>Header Files\Przedmiot</Filter>
    </ClInclude>
    <ClInclude Include="Bron.h">
      <Filter>Header Files\Przedmiot</Filter>
    </ClInclude>
    <ClInclude Include="Pancerz.h">
      <Filter>Header Files\Przedmiot</Filter>
    </ClInclude>
    <ClInclude Include="OknoPostaci.h">
      <Filter>Header Files</Filter>
    </ClInclude>
    <ClInclude Include="FabrykaWyposazenia.h">
      <Filter>Header Files\Przedmiot</Filter>
    </ClInclude>
  </ItemGroup>
  <ItemGroup>
    <Text Include="NazwyWiosek.txt">
      <Filter>Resource Files\Lokalizacja</Filter>
    </Text>
    <Text Include="powitaniaKarczmarzy.txt">
      <Filter>Resource Files\NPC</Filter>
    </Text>
    <Text Include="imionaKarczmarzy.txt">
      <Filter>Resource Files\NPC</Filter>
    </Text>
    <Text Include="NazwySzlakow.txt">
      <Filter>Resource Files\Lokalizacja</Filter>
    </Text>
    <Text Include="lokalnePlotkiKarczmarz.txt">
      <Filter>Resource Files\NPC</Filter>
    </Text>
    <Text Include="radyKarczmarz.txt">
      <Filter>Resource Files\NPC</Filter>
    </Text>
    <Text Include="NazwyBagien.txt">
      <Filter>Resource Files\Lokalizacja</Filter>
    </Text>
    <Text Include="NazwyMiast.txt">
      <Filter>Resource Files\Lokalizacja</Filter>
    </Text>
    <Text Include="imionaKupcow.txt">
      <Filter>Resource Files\NPC</Filter>
    </Text>
    <Text Include="powitaniaKupcow.txt">
      <Filter>Resource Files\NPC</Filter>
    </Text>
    <Text Include="..\..\..\..\..\..\Desktop\System RPG UML.txt">
      <Filter>Resource Files\NPC</Filter>
    </Text>
  </ItemGroup>
</Project>